
Microsoft Visual Studio Solution File, Format Version 12.00
# Visual Studio Version 16
VisualStudioVersion = 16.0.31205.134
MinimumVisualStudioVersion = 10.0.40219.1
Project("{FAE04EC0-301F-11D3-BF4B-00C04F79EFBC}") = "WebAp", "WebAp\WebAp.csproj", "{6EAD8285-B962-43CC-ACAE-BEC1249F5D6B}"
EndProject
Global
	GlobalSection(SolutionConfigurationPlatforms) = preSolution
		Debug|Any CPU = Debug|Any CPU
		Release|Any CPU = Release|Any CPU
	EndGlobalSection
	GlobalSection(ProjectConfigurationPlatforms) = postSolution
		{6EAD8285-B962-43CC-ACAE-BEC1249F5D6B}.Debug|Any CPU.ActiveCfg = Debug|Any CPU
		{6EAD8285-B962-43CC-ACAE-BEC1249F5D6B}.Debug|Any CPU.Build.0 = Debug|Any CPU
		{6EAD8285-B962-43CC-ACAE-BEC1249F5D6B}.Release|Any CPU.ActiveCfg = Release|Any CPU
		{6EAD8285-B962-43CC-ACAE-BEC1249F5D6B}.Release|Any CPU.Build.0 = Release|Any CPU
	EndGlobalSection
	GlobalSection(SolutionProperties) = preSolution
		HideSolutionNode = FALSE
	EndGlobalSection
	GlobalSection(ExtensibilityGlobals) = postSolution
		SolutionGuid = {51B28939-4CE0-4F0F-9EC2-E6BF5D55B4AE}
	EndGlobalSection
EndGlobal
